<?xml version="1.0" encoding="utf-8"?>
<Project ToolsVersion="4.0" xmlns="http://schemas.microsoft.com/developer/msbuild/2003">
  <ItemGroup>
    <FxCompile Include="..\src\Shaders\PixelShader.hlsl">
      <Filter>src\Shaders</Filter>
    </FxCompile>
    <FxCompile Include="..\src\Shaders\VertexShader.hlsl">
      <Filter>src\Shaders</Filter>
    </FxCompile>
  </ItemGroup>
  <ItemGroup>
    <ClCompile Include="..\src\main.cpp">
      <Filter>src</Filter>
    </ClCompile>
    <ClCompile Include="..\src\VideoRotation8.cpp">
      <Filter>src</Filter>
    </ClCompile>
  </ItemGroup>
  <ItemGroup>
    <ClInclude Include="..\src\VdjPlugin8.h">
      <Filter>src</Filter>
    </ClInclude>
    <ClInclude Include="..\src\VdjVideo8.h">
      <Filter>src</Filter>
    </ClInclude>
    <ClInclude Include="..\src\VideoRotation8.h">
      <Filter>src</Filter>
    </ClInclude>
    <ClInclude Include="..\src\resource.h">
      <Filter>src</Filter>
    </ClInclude>
  </ItemGroup>
  <ItemGroup>
    <None Include="packages.config" />
    <None Include="..\src\Shaders\VertexShader.cso">
      <Filter>src\Shaders</Filter>
    </None>
    <None Include="..\src\Shaders\PixelShader.cso">
      <Filter>src\Shaders</Filter>
    </None>
  </ItemGroup>
  <ItemGroup>
    <Filter Include="src">
      <UniqueIdentifier>{97d1a963-38cd-4b63-8386-ae7915e4d50c}</UniqueIdentifier>
    </Filter>
    <Filter Include="src\Shaders">
      <UniqueIdentifier>{99f8cde1-a446-4b7d-9d2b-39c63a7cdf89}</UniqueIdentifier>
    </Filter>
  </ItemGroup>
  <ItemGroup>
    <ResourceCompile Include="..\src\Plugin.rc">
      <Filter>src</Filter>
    </ResourceCompile>
  </ItemGroup>
</Project>